
Microsoft Visual Studio Solution File, Format Version 12.00
# Visual Studio Version 17
VisualStudioVersion = 17.11.35312.102
MinimumVisualStudioVersion = 10.0.40219.1
Project("{FAE04EC0-301F-11D3-BF4B-00C04F79EFBC}") = "RunningSyncStoredProcedures", "RunningSyncStoredProcedures\RunningSyncStoredProcedures.csproj", "{BD808BC5-2C05-4EB5-BA9F-8FA7F9E88664}"
EndProject
Global
	GlobalSection(SolutionConfigurationPlatforms) = preSolution
		Debug|Any CPU = Debug|Any CPU
		Release|Any CPU = Release|Any CPU
	EndGlobalSection
	GlobalSection(ProjectConfigurationPlatforms) = postSolution
		{BD808BC5-2C05-4EB5-BA9F-8FA7F9E88664}.Debug|Any CPU.ActiveCfg = Debug|Any CPU
		{BD808BC5-2C05-4EB5-BA9F-8FA7F9E88664}.Debug|Any CPU.Build.0 = Debug|Any CPU
		{BD808BC5-2C05-4EB5-BA9F-8FA7F9E88664}.Release|Any CPU.ActiveCfg = Release|Any CPU
		{BD808BC5-2C05-4EB5-BA9F-8FA7F9E88664}.Release|Any CPU.Build.0 = Release|Any CPU
	EndGlobalSection
	GlobalSection(SolutionProperties) = preSolution
		HideSolutionNode = FALSE
	EndGlobalSection
	GlobalSection(ExtensibilityGlobals) = postSolution
		SolutionGuid = {A518F317-2C21-4BF5-A7C2-86F6628D7732}
	EndGlobalSection
EndGlobal
